
Microsoft Visual Studio Solution File, Format Version 12.00
# Visual Studio 15
VisualStudioVersion = 15.0.26730.3
MinimumVisualStudioVersion = 10.0.40219.1
Project("{9A19103F-16F7-4668-BE54-9A1E7A4F7556}") = "WBPA.Amazon.SimpleQueueService", "src\WBPA.Amazon.SimpleQueueService\WBPA.Amazon.SimpleQueueService.csproj", "{953A3E0C-4014-4F75-BCE2-5B5C55B2D600}"
EndProject
Global
	GlobalSection(SolutionConfigurationPlatforms) = preSolution
		Debug|Any CPU = Debug|Any CPU
		Release|Any CPU = Release|Any CPU
	EndGlobalSection
	GlobalSection(ProjectConfigurationPlatforms) = postSolution
		{953A3E0C-4014-4F75-BCE2-5B5C55B2D600}.Debug|Any CPU.ActiveCfg = Debug|Any CPU
		{953A3E0C-4014-4F75-BCE2-5B5C55B2D600}.Debug|Any CPU.Build.0 = Debug|Any CPU
		{953A3E0C-4014-4F75-BCE2-5B5C55B2D600}.Release|Any CPU.ActiveCfg = Release|Any CPU
		{953A3E0C-4014-4F75-BCE2-5B5C55B2D600}.Release|Any CPU.Build.0 = Release|Any CPU
	EndGlobalSection
	GlobalSection(SolutionProperties) = preSolution
		HideSolutionNode = FALSE
	EndGlobalSection
	GlobalSection(ExtensibilityGlobals) = postSolution
		SolutionGuid = {FF9C956D-A09C-46C9-9F02-74548AD1B2C2}
	EndGlobalSection
EndGlobal
